// !$*UTF8*$!
{
	archiveVersion = 1;
	classes = {
	};
	objectVersion = 48;
	objects = {

/* Begin PBXBuildFile section */
		04F1679E1F761ECA004AA4D5 /* AppDelegate.m in Sources */ = {isa = PBXBuildFile; fileRef = 04F1679D1F761ECA004AA4D5 /* AppDelegate.m */; };
		04F167A11F761ECA004AA4D5 /* ViewController.m in Sources */ = {isa = PBXBuildFile; fileRef = 04F167A01F761ECA004AA4D5 /* ViewController.m */; };
		04F167A41F761ECA004AA4D5 /* Main.storyboard in Resources */ = {isa = PBXBuildFile; fileRef = 04F167A21F761ECA004AA4D5 /* Main.storyboard */; };
		04F167A61F761ECA004AA4D5 /* Assets.xcassets in Resources */ = {isa = PBXBuildFile; fileRef = 04F167A51F761ECA004AA4D5 /* Assets.xcassets */; };
		04F167A91F761ECA004AA4D5 /* LaunchScreen.storyboard in Resources */ = {isa = PBXBuildFile; fileRef = 04F167A71F761ECA004AA4D5 /* LaunchScreen.storyboard */; };
		04F167AC1F761ECA004AA4D5 /* main.m in Sources */ = {isa = PBXBuildFile; fileRef = 04F167AB1F761ECA004AA4D5 /* main.m */; };
		04F167B61F761ECA004AA4D5 /* mutableVsImTests.m in Sources */ = {isa = PBXBuildFile; fileRef = 04F167B51F761ECA004AA4D5 /* mutableVsImTests.m */; };
		04F167C11F761ECA004AA4D5 /* mutableVsImUITests.m in Sources */ = {isa = PBXBuildFile; fileRef = 04F167C01F761ECA004AA4D5 /* mutableVsImUITests.m */; };
/* End PBXBuildFile section */

/* Begin PBXContainerItemProxy section */
		04F167B21F761ECA004AA4D5 /* PBXContainerItemProxy */ = {
			isa = PBXContainerItemProxy;
			containerPortal = 04F167911F761ECA004AA4D5 /* Project object */;
			proxyType = 1;
			remoteGlobalIDString = 04F167981F761ECA004AA4D5;
			remoteInfo = mutableVsIm;
		};
		04F167BD1F761ECA004AA4D5 /* PBXContainerItemProxy */ = {
			isa = PBXContainerItemProxy;
			containerPortal = 04F167911F761ECA004AA4D5 /* Project object */;
			proxyType = 1;
			remoteGlobalIDString = 04F167981F761ECA004AA4D5;
			remoteInfo = mutableVsIm;
		};
/* End PBXContainerItemProxy section */

/* Begin PBXFileReference section */
		04F167991F761ECA004AA4D5 /* mutableVsIm.app */ = {isa = PBXFileReference; explicitFileType = wrapper.application; includeInIndex = 0; path = mutableVsIm.app; sourceTree = BUILT_PRODUCTS_DIR; };
		04F1679C1F761ECA004AA4D5 /* AppDelegate.h */ = {isa = PBXFileReference; lastKnownFileType = sourcecode.c.h; path = AppDelegate.h; sourceTree = "<group>"; };
		04F1679D1F761ECA004AA4D5 /* AppDelegate.m */ = {isa = PBXFileReference; lastKnownFileType = sourcecode.c.objc; path = AppDelegate.m; sourceTree = "<group>"; };
		04F1679F1F761ECA004AA4D5 /* ViewController.h */ = {isa = PBXFileReference; lastKnownFileType = sourcecode.c.h; path = ViewController.h; sourceTree = "<group>"; };
		04F167A01F761ECA004AA4D5 /* ViewController.m */ = {isa = PBXFileReference; lastKnownFileType = sourcecode.c.objc; path = ViewController.m; sourceTree = "<group>"; };
		04F167A31F761ECA004AA4D5 /* Base */ = {isa = PBXFileReference; lastKnownFileType = file.storyboard; name = Base; path = Base.lproj/Main.storyboard; sourceTree = "<group>"; };
		04F167A51F761ECA004AA4D5 /* Assets.xcassets */ = {isa = PBXFileReference; lastKnownFileType = folder.assetcatalog; path = Assets.xcassets; sourceTree = "<group>"; };
		04F167A81F761ECA004AA4D5 /* Base */ = {isa = PBXFileReference; lastKnownFileType = file.storyboard; name = Base; path = Base.lproj/LaunchScreen.storyboard; sourceTree = "<group>"; };
		04F167AA1F761ECA004AA4D5 /* Info.plist */ = {isa = PBXFileReference; lastKnownFileType = text.plist.xml; path = Info.plist; sourceTree = "<group>"; };
		04F167AB1F761ECA004AA4D5 /* main.m */ = {isa = PBXFileReference; lastKnownFileType = sourcecode.c.objc; path = main.m; sourceTree = "<group>"; };
		04F167B11F761ECA004AA4D5 /* mutableVsImTests.xctest */ = {isa = PBXFileReference; explicitFileType = wrapper.cfbundle; includeInIndex = 0; path = mutableVsImTests.xctest; sourceTree = BUILT_PRODUCTS_DIR; };
		04F167B51F761ECA004AA4D5 /* mutableVsImTests.m */ = {isa = PBXFileReference; lastKnownFileType = sourcecode.c.objc; path = mutableVsImTests.m; sourceTree = "<group>"; };
		04F167B71F761ECA004AA4D5 /* Info.plist */ = {isa = PBXFileReference; lastKnownFileType = text.plist.xml; path = Info.plist; sourceTree = "<group>"; };
		04F167BC1F761ECA004AA4D5 /* mutableVsImUITests.xctest */ = {isa = PBXFileReference; explicitFileType = wrapper.cfbundle; includeInIndex = 0; path = mutableVsImUITests.xctest; sourceTree = BUILT_PRODUCTS_DIR; };
		04F167C01F761ECA004AA4D5 /* mutableVsImUITests.m */ = {isa = PBXFileReference; lastKnownFileType = sourcecode.c.objc; path = mutableVsImUITests.m; sourceTree = "<group>"; };
		04F167C21F761ECA004AA4D5 /* Info.plist */ = {isa = PBXFileReference; lastKnownFileType = text.plist.xml; path = Info.plist; sourceTree = "<group>"; };
/* End PBXFileReference section */

/* Begin PBXFrameworksBuildPhase section */
		04F167961F761ECA004AA4D5 /* Frameworks */ = {
			isa = PBXFrameworksBuildPhase;
			buildActionMask = 2147483647;
			files = (
			);
			runOnlyForDeploymentPostprocessing = 0;
		};
		04F167AE1F761ECA004AA4D5 /* Frameworks */ = {
			isa = PBXFrameworksBuildPhase;
			buildActionMask = 2147483647;
			files = (
			);
			runOnlyForDeploymentPostprocessing = 0;
		};
		04F167B91F761ECA004AA4D5 /* Frameworks */ = {
			isa = PBXFrameworksBuildPhase;
			buildActionMask = 2147483647;
			files = (
			);
			runOnlyForDeploymentPostprocessing = 0;
		};
/* End PBXFrameworksBuildPhase section */

/* Begin PBXGroup section */
		04F167901F761ECA004AA4D5 = {
			isa = PBXGroup;
			children = (
				04F1679B1F761ECA004AA4D5 /* mutableVsIm */,
				04F167B41F761ECA004AA4D5 /* mutableVsImTests */,
				04F167BF1F761ECA004AA4D5 /* mutableVsImUITests */,
				04F1679A1F761ECA004AA4D5 /* Products */,
			);
			sourceTree = "<group>";
		};
		04F1679A1F761ECA004AA4D5 /* Products */ = {
			isa = PBXGroup;
			children = (
				04F167991F761ECA004AA4D5 /* mutableVsIm.app */,
				04F167B11F761ECA004AA4D5 /* mutableVsImTests.xctest */,
				04F167BC1F761ECA004AA4D5 /* mutableVsImUITests.xctest */,
			);
			name = Products;
			sourceTree = "<group>";
		};
		04F1679B1F761ECA004AA4D5 /* mutableVsIm */ = {
			isa = PBXGroup;
			children = (
				04F1679C1F761ECA004AA4D5 /* AppDelegate.h */,
				04F1679D1F761ECA004AA4D5 /* AppDelegate.m */,
				04F1679F1F761ECA004AA4D5 /* ViewController.h */,
				04F167A01F761ECA004AA4D5 /* ViewController.m */,
				04F167A21F761ECA004AA4D5 /* Main.storyboard */,
				04F167A51F761ECA004AA4D5 /* Assets.xcassets */,
				04F167A71F761ECA004AA4D5 /* LaunchScreen.storyboard */,
				04F167AA1F761ECA004AA4D5 /* Info.plist */,
				04F167AB1F761ECA004AA4D5 /* main.m */,
			);
			path = mutableVsIm;
			sourceTree = "<group>";
		};
		04F167B41F761ECA004AA4D5 /* mutableVsImTests */ = {
			isa = PBXGroup;
			children = (
				04F167B51F761ECA004AA4D5 /* mutableVsImTests.m */,
				04F167B71F761ECA004AA4D5 /* Info.plist */,
			);
			path = mutableVsImTests;
			sourceTree = "<group>";
		};
		04F167BF1F761ECA004AA4D5 /* mutableVsImUITests */ = {
			isa = PBXGroup;
			children = (
				04F167C01F761ECA004AA4D5 /* mutableVsImUITests.m */,
				04F167C21F761ECA004AA4D5 /* Info.plist */,
			);
			path = mutableVsImUITests;
			sourceTree = "<group>";
		};
/* End PBXGroup section */

/* Begin PBXNativeTarget section */
		04F167981F761ECA004AA4D5 /* mutableVsIm */ = {
			isa = PBXNativeTarget;
			buildConfigurationList = 04F167C51F761ECA004AA4D5 /* Build configuration list for PBXNativeTarget "mutableVsIm" */;
			buildPhases = (
				04F167951F761ECA004AA4D5 /* Sources */,
				04F167961F761ECA004AA4D5 /* Frameworks */,
				04F167971F761ECA004AA4D5 /* Resources */,
			);
			buildRules = (
			);
			dependencies = (
			);
			name = mutableVsIm;
			productName = mutableVsIm;
			productReference = 04F167991F761ECA004AA4D5 /* mutableVsIm.app */;
			productType = "com.apple.product-type.application";
		};
		04F167B01F761ECA004AA4D5 /* mutableVsImTests */ = {
			isa = PBXNativeTarget;
			buildConfigurationList = 04F167C81F761ECA004AA4D5 /* Build configuration list for PBXNativeTarget "mutableVsImTests" */;
			buildPhases = (
				04F167AD1F761ECA004AA4D5 /* Sources */,
				04F167AE1F761ECA004AA4D5 /* Frameworks */,
				04F167AF1F761ECA004AA4D5 /* Resources */,
			);
			buildRules = (
			);
			dependencies = (
				04F167B31F761ECA004AA4D5 /* PBXTargetDependency */,
			);
			name = mutableVsImTests;
			productName = mutableVsImTests;
			productReference = 04F167B11F761ECA004AA4D5 /* mutableVsImTests.xctest */;
			productType = "com.apple.product-type.bundle.unit-test";
		};
		04F167BB1F761ECA004AA4D5 /* mutableVsImUITests */ = {
			isa = PBXNativeTarget;
			buildConfigurationList = 04F167CB1F761ECA004AA4D5 /* Build configuration list for PBXNativeTarget "mutableVsImUITests" */;
			buildPhases = (
				04F167B81F761ECA004AA4D5 /* Sources */,
				04F167B91F761ECA004AA4D5 /* Frameworks */,
				04F167BA1F761ECA004AA4D5 /* Resources */,
			);
			buildRules = (
			);
			dependencies = (
				04F167BE1F761ECA004AA4D5 /* PBXTargetDependency */,
			);
			name = mutableVsImUITests;
			productName = mutableVsImUITests;
			productReference = 04F167BC1F761ECA004AA4D5 /* mutableVsImUITests.xctest */;
			productType = "com.apple.product-type.bundle.ui-testing";
		};
/* End PBXNativeTarget section */

/* Begin PBXProject section */
		04F167911F761ECA004AA4D5 /* Project object */ = {
			isa = PBXProject;
			attributes = {
				LastUpgradeCheck = 0900;
				ORGANIZATIONNAME = "Arun P";
				TargetAttributes = {
					04F167981F761ECA004AA4D5 = {
						CreatedOnToolsVersion = 9.0;
						ProvisioningStyle = Automatic;
					};
					04F167B01F761ECA004AA4D5 = {
						CreatedOnToolsVersion = 9.0;
						ProvisioningStyle = Automatic;
						TestTargetID = 04F167981F761ECA004AA4D5;
					};
					04F167BB1F761ECA004AA4D5 = {
						CreatedOnToolsVersion = 9.0;
						ProvisioningStyle = Automatic;
						TestTargetID = 04F167981F761ECA004AA4D5;
					};
				};
			};
			buildConfigurationList = 04F167941F761ECA004AA4D5 /* Build configuration list for PBXProject "mutableVsIm" */;
			compatibilityVersion = "Xcode 8.0";
			developmentRegion = en;
			hasScannedForEncodings = 0;
			knownRegions = (
				en,
				Base,
			);
			mainGroup = 04F167901F761ECA004AA4D5;
			productRefGroup = 04F1679A1F761ECA004AA4D5 /* Products */;
			projectDirPath = "";
			projectRoot = "";
			targets = (
				04F167981F761ECA004AA4D5 /* mutableVsIm */,
				04F167B01F761ECA004AA4D5 /* mutableVsImTests */,
				04F167BB1F761ECA004AA4D5 /* mutableVsImUITests */,
			);
		};
/* End PBXProject section */

/* Begin PBXResourcesBuildPhase section */
		04F167971F761ECA004AA4D5 /* Resources */ = {
			isa = PBXResourcesBuildPhase;
			buildActionMask = 2147483647;
			files = (
				04F167A91F761ECA004AA4D5 /* LaunchScreen.storyboard in Resources */,
				04F167A61F761ECA004AA4D5 /* Assets.xcassets in Resources */,
				04F167A41F761ECA004AA4D5 /* Main.storyboard in Resources */,
			);
			runOnlyForDeploymentPostprocessing = 0;
		};
		04F167AF1F761ECA004AA4D5 /* Resources */ = {
			isa = PBXResourcesBuildPhase;
			buildActionMask = 2147483647;
			files = (
			);
			runOnlyForDeploymentPostprocessing = 0;
		};
		04F167BA1F761ECA004AA4D5 /* Resources */ = {
			isa = PBXResourcesBuildPhase;
			buildActionMask = 2147483647;
			files = (
			);
			runOnlyForDeploymentPostprocessing = 0;
		};
/* End PBXResourcesBuildPhase section */

/* Begin PBXSourcesBuildPhase section */
		04F167951F761ECA004AA4D5 /* Sources */ = {
			isa = PBXSourcesBuildPhase;
			buildActionMask = 2147483647;
			files = (
				04F167A11F761ECA004AA4D5 /* ViewController.m in Sources */,
				04F167AC1F761ECA004AA4D5 /* main.m in Sources */,
				04F1679E1F761ECA004AA4D5 /* AppDelegate.m in Sources */,
			);
			runOnlyForDeploymentPostprocessing = 0;
		};
		04F167AD1F761ECA004AA4D5 /* Sources */ = {
			isa = PBXSourcesBuildPhase;
			buildActionMask = 2147483647;
			files = (
				04F167B61F761ECA004AA4D5 /* mutableVsImTests.m in Sources */,
			);
			runOnlyForDeploymentPostprocessing = 0;
		};
		04F167B81F761ECA004AA4D5 /* Sources */ = {
			isa = PBXSourcesBuildPhase;
			buildActionMask = 2147483647;
			files = (
				04F167C11F761ECA004AA4D5 /* mutableVsImUITests.m in Sources */,
			);
			runOnlyForDeploymentPostprocessing = 0;
		};
/* End PBXSourcesBuildPhase section */

/* Begin PBXTargetDependency section */
		04F167B31F761ECA004AA4D5 /* PBXTargetDependency */ = {
			isa = PBXTargetDependency;
			target = 04F167981F761ECA004AA4D5 /* mutableVsIm */;
			targetProxy = 04F167B21F761ECA004AA4D5 /* PBXContainerItemProxy */;
		};
		04F167BE1F761ECA004AA4D5 /* PBXTargetDependency */ = {
			isa = PBXTargetDependency;
			target = 04F167981F761ECA004AA4D5 /* mutableVsIm */;
			targetProxy = 04F167BD1F761ECA004AA4D5 /* PBXContainerItemProxy */;
		};
/* End PBXTargetDependency section */

/* Begin PBXVariantGroup section */
		04F167A21F761ECA004AA4D5 /* Main.storyboard */ = {
			isa = PBXVariantGroup;
			children = (
				04F167A31F761ECA004AA4D5 /* Base */,
			);
			name = Main.storyboard;
			sourceTree = "<group>";
		};
		04F167A71F761ECA004AA4D5 /* LaunchScreen.storyboard */ = {
			isa = PBXVariantGroup;
			children = (
				04F167A81F761ECA004AA4D5 /* Base */,
			);
			name = LaunchScreen.storyboard;
			sourceTree = "<group>";
		};
/* End PBXVariantGroup section */

/* Begin XCBuildConfiguration section */
		04F167C31F761ECA004AA4D5 /* Debug */ = {
			isa = XCBuildConfiguration;
			buildSettings = {
				ALWAYS_SEARCH_USER_PATHS = NO;
				CLANG_ANALYZER_NONNULL = YES;
				CLANG_ANALYZER_NUMBER_OBJECT_CONVERSION = YES_AGGRESSIVE;
				CLANG_CXX_LANGUAGE_STANDARD = "gnu++14";
				CLANG_CXX_LIBRARY = "libc++";
				CLANG_ENABLE_MODULES = YES;
				CLANG_ENABLE_OBJC_ARC = YES;
				CLANG_WARN_BLOCK_CAPTURE_AUTORELEASING = YES;
				CLANG_WARN_BOOL_CONVERSION = YES;
				CLANG_WARN_COMMA = YES;
				CLANG_WARN_CONSTANT_CONVERSION = YES;
				CLANG_WARN_DIRECT_OBJC_ISA_USAGE = YES_ERROR;
				CLANG_WARN_DOCUMENTATION_COMMENTS = YES;
				CLANG_WARN_EMPTY_BODY = YES;
				CLANG_WARN_ENUM_CONVERSION = YES;
				CLANG_WARN_INFINITE_RECURSION = YES;
				CLANG_WARN_INT_CONVERSION = YES;
				CLANG_WARN_NON_LITERAL_NULL_CONVERSION = YES;
				CLANG_WARN_OBJC_LITERAL_CONVERSION = YES;
				CLANG_WARN_OBJC_ROOT_CLASS = YES_ERROR;
				CLANG_WARN_RANGE_LOOP_ANALYSIS = YES;
				CLANG_WARN_STRICT_PROTOTYPES = YES;
				CLANG_WARN_SUSPICIOUS_MOVE = YES;
				CLANG_WARN_UNGUARDED_AVAILABILITY = YES_AGGRESSIVE;
				CLANG_WARN_UNREACHABLE_CODE = YES;
				CLANG_WARN__DUPLICATE_METHOD_MATCH = YES;
				CODE_SIGN_IDENTITY = "iPhone Developer";
				COPY_PHASE_STRIP = NO;
				DEBUG_INFORMATION_FORMAT = dwarf;
				ENABLE_STRICT_OBJC_MSGSEND = YES;
				ENABLE_TESTABILITY = YES;
				GCC_C_LANGUAGE_STANDARD = gnu11;
				GCC_DYNAMIC_NO_PIC = NO;
				GCC_NO_COMMON_BLOCKS = YES;
				GCC_OPTIMIZATION_LEVEL = 0;
				GCC_PREPROCESSOR_DEFINITIONS = (
					"DEBUG=1",
					"$(inherited)",
				);
				GCC_WARN_64_TO_32_BIT_CONVERSION = YES;
				GCC_WARN_ABOUT_RETURN_TYPE = YES_ERROR;
				GCC_WARN_UNDECLARED_SELECTOR = YES;
				GCC_WARN_UNINITIALIZED_AUTOS = YES_AGGRESSIVE;
				GCC_WARN_UNUSED_FUNCTION = YES;
				GCC_WARN_UNUSED_VARIABLE = YES;
				IPHONEOS_DEPLOYMENT_TARGET = 11.0;
				MTL_ENABLE_DEBUG_INFO = YES;
				ONLY_ACTIVE_ARCH = YES;
				SDKROOT = iphoneos;
			};
			name = Debug;
		};
		04F167C41F761ECA004AA4D5 /* Release */ = {
			isa = XCBuildConfiguration;
			buildSettings = {
				ALWAYS_SEARCH_USER_PATHS = NO;
				CLANG_ANALYZER_NONNULL = YES;
				CLANG_ANALYZER_NUMBER_OBJECT_CONVERSION = YES_AGGRESSIVE;
				CLANG_CXX_LANGUAGE_STANDARD = "gnu++14";
				CLANG_CXX_LIBRARY = "libc++";
				CLANG_ENABLE_MODULES = YES;
				CLANG_ENABLE_OBJC_ARC = YES;
				CLANG_WARN_BLOCK_CAPTURE_AUTORELEASING = YES;
				CLANG_WARN_BOOL_CONVERSION = YES;
				CLANG_WARN_COMMA = YES;
				CLANG_WARN_CONSTANT_CONVERSION = YES;
				CLANG_WARN_DIRECT_OBJC_ISA_USAGE = YES_ERROR;
				CLANG_WARN_DOCUMENTATION_COMMENTS = YES;
				CLANG_WARN_EMPTY_BODY = YES;
				CLANG_WARN_ENUM_CONVERSION = YES;
				CLANG_WARN_INFINITE_RECURSION = YES;
				CLANG_WARN_INT_CONVERSION = YES;
				CLANG_WARN_NON_LITERAL_NULL_CONVERSION = YES;
				CLANG_WARN_OBJC_LITERAL_CONVERSION = YES;
				CLANG_WARN_OBJC_ROOT_CLASS = YES_ERROR;
				CLANG_WARN_RANGE_LOOP_ANALYSIS = YES;
				CLANG_WARN_STRICT_PROTOTYPES = YES;
				CLANG_WARN_SUSPICIOUS_MOVE = YES;
				CLANG_WARN_UNGUARDED_AVAILABILITY = YES_AGGRESSIVE;
				CLANG_WARN_UNREACHABLE_CODE = YES;
				CLANG_WARN__DUPLICATE_METHOD_MATCH = YES;
				CODE_SIGN_IDENTITY = "iPhone Developer";
				COPY_PHASE_STRIP = NO;
				DEBUG_INFORMATION_FORMAT = "dwarf-with-dsym";
				ENABLE_NS_ASSERTIONS = NO;
				ENABLE_STRICT_OBJC_MSGSEND = YES;
				GCC_C_LANGUAGE_STANDARD = gnu11;
				GCC_NO_COMMON_BLOCKS = YES;
				GCC_WARN_64_TO_32_BIT_CONVERSION = YES;
				GCC_WARN_ABOUT_RETURN_TYPE = YES_ERROR;
				GCC_WARN_UNDECLARED_SELECTOR = YES;
				GCC_WARN_UNINITIALIZED_AUTOS = YES_AGGRESSIVE;
				GCC_WARN_UNUSED_FUNCTION = YES;
				GCC_WARN_UNUSED_VARIABLE = YES;
				IPHONEOS_DEPLOYMENT_TARGET = 11.0;
				MTL_ENABLE_DEBUG_INFO = NO;
				SDKROOT = iphoneos;
				VALIDATE_PRODUCT = YES;
			};
			name = Release;
		};
		04F167C61F761ECA004AA4D5 /* Debug */ = {
			isa = XCBuildConfiguration;
			buildSettings = {
				ASSETCATALOG_COMPILER_APPICON_NAME = AppIcon;
				CODE_SIGN_STYLE = Automatic;
				DEVELOPMENT_TEAM = 5AM2G6SR3E;
				INFOPLIST_FILE = mutableVsIm/Info.plist;
				LD_RUNPATH_SEARCH_PATHS = "$(inherited) @executable_path/Frameworks";
				PRODUCT_BUNDLE_IDENTIFIER = com.Jibran.mutableVsIm;
				PRODUCT_NAME = "$(TARGET_NAME)";
				TARGETED_DEVICE_FAMILY = "1,2";
			};
			name = Debug;
		};
		04F167C71F761ECA004AA4D5 /* Release */ = {
			isa = XCBuildConfiguration;
			buildSettings = {
				ASSETCATALOG_COMPILER_APPICON_NAME = AppIcon;
				CODE_SIGN_STYLE = Automatic;
				DEVELOPMENT_TEAM = 5AM2G6SR3E;
				INFOPLIST_FILE = mutableVsIm/Info.plist;
				LD_RUNPATH_SEARCH_PATHS = "$(inherited) @executable_path/Frameworks";
				PRODUCT_BUNDLE_IDENTIFIER = com.Jibran.mutableVsIm;
				PRODUCT_NAME = "$(TARGET_NAME)";
				TARGETED_DEVICE_FAMILY = "1,2";
			};
			name = Release;
		};
		04F167C91F761ECA004AA4D5 /* Debug */ = {
			isa = XCBuildConfiguration;
			buildSettings = {
				BUNDLE_LOADER = "$(TEST_HOST)";
				CODE_SIGN_STYLE = Automatic;
				DEVELOPMENT_TEAM = 5AM2G6SR3E;
				INFOPLIST_FILE = mutableVsImTests/Info.plist;
				LD_RUNPATH_SEARCH_PATHS = "$(inherited) @executable_path/Frameworks @loader_path/Frameworks";
				PRODUCT_BUNDLE_IDENTIFIER = com.Jibran.mutableVsImTests;
				PRODUCT_NAME = "$(TARGET_NAME)";
				TARGETED_DEVICE_FAMILY = "1,2";
				TEST_HOST = "$(BUILT_PRODUCTS_DIR)/mutableVsIm.app/mutableVsIm";
			};
			name = Debug;
		};
		04F167CA1F761ECA004AA4D5 /* Release */ = {
			isa = XCBuildConfiguration;
			buildSettings = {
				BUNDLE_LOADER = "$(TEST_HOST)";
				CODE_SIGN_STYLE = Automatic;
				DEVELOPMENT_TEAM = 5AM2G6SR3E;
				INFOPLIST_FILE = mutableVsImTests/Info.plist;
				LD_RUNPATH_SEARCH_PATHS = "$(inherited) @executable_path/Frameworks @loader_path/Frameworks";
				PRODUCT_BUNDLE_IDENTIFIER = com.Jibran.mutableVsImTests;
				PRODUCT_NAME = "$(TARGET_NAME)";
				TARGETED_DEVICE_FAMILY = "1,2";
				TEST_HOST = "$(BUILT_PRODUCTS_DIR)/mutableVsIm.app/mutableVsIm";
			};
			name = Release;
		};
		04F167CC1F761ECA004AA4D5 /* Debug */ = {
			isa = XCBuildConfiguration;
			buildSettings = {
				CODE_SIGN_STYLE = Automatic;
				DEVELOPMENT_TEAM = 5AM2G6SR3E;
				INFOPLIST_FILE = mutableVsImUITests/Info.plist;
				LD_RUNPATH_SEARCH_PATHS = "$(inherited) @executable_path/Frameworks @loader_path/Frameworks";
				PRODUCT_BUNDLE_IDENTIFIER = com.Jibran.mutableVsImUITests;
				PRODUCT_NAME = "$(TARGET_NAME)";
				TARGETED_DEVICE_FAMILY = "1,2";
				TEST_TARGET_NAME = mutableVsIm;
			};
			name = Debug;
		};
		04F167CD1F761ECA004AA4D5 /* Release */ = {
			isa = XCBuildConfiguration;
			buildSettings = {
				CODE_SIGN_STYLE = Automatic;
				DEVELOPMENT_TEAM = 5AM2G6SR3E;
				INFOPLIST_FILE = mutableVsImUITests/Info.plist;
				LD_RUNPATH_SEARCH_PATHS = "$(inherited) @executable_path/Frameworks @loader_path/Frameworks";
				PRODUCT_BUNDLE_IDENTIFIER = com.Jibran.mutableVsImUITests;
				PRODUCT_NAME = "$(TARGET_NAME)";
				TARGETED_DEVICE_FAMILY = "1,2";
				TEST_TARGET_NAME = mutableVsIm;
			};
			name = Release;
		};
/* End XCBuildConfiguration section */

/* Begin XCConfigurationList section */
		04F167941F761ECA004AA4D5 /* Build configuration list for PBXProject "mutableVsIm" */ = {
			isa = XCConfigurationList;
			buildConfigurations = (
				04F167C31F761ECA004AA4D5 /* Debug */,
				04F167C41F761ECA004AA4D5 /* Release */,
			);
			defaultConfigurationIsVisible = 0;
			defaultConfigurationName = Release;
		};
		04F167C51F761ECA004AA4D5 /* Build configuration list for PBXNativeTarget "mutableVsIm" */ = {
			isa = XCConfigurationList;
			buildConfigurations = (
				04F167C61F761ECA004AA4D5 /* Debug */,
				04F167C71F761ECA004AA4D5 /* Release */,
			);
			defaultConfigurationIsVisible = 0;
			defaultConfigurationName = Release;
		};
		04F167C81F761ECA004AA4D5 /* Build configuration list for PBXNativeTarget "mutableVsImTests" */ = {
			isa = XCConfigurationList;
			buildConfigurations = (
				04F167C91F761ECA004AA4D5 /* Debug */,
				04F167CA1F761ECA004AA4D5 /* Release */,
			);
			defaultConfigurationIsVisible = 0;
			defaultConfigurationName = Release;
		};
		04F167CB1F761ECA004AA4D5 /* Build configuration list for PBXNativeTarget "mutableVsImUITests" */ = {
			isa = XCConfigurationList;
			buildConfigurations = (
				04F167CC1F761ECA004AA4D5 /* Debug */,
				04F167CD1F761ECA004AA4D5 /* Release */,
			);
			defaultConfigurationIsVisible = 0;
			defaultConfigurationName = Release;
		};
/* End XCConfigurationList section */
	};
	rootObject = 04F167911F761ECA004AA4D5 /* Project object */;
}
